
Microsoft Visual Studio Solution File, Format Version 12.00
# Visual Studio Version 16
VisualStudioVersion = 16.0.32413.511
MinimumVisualStudioVersion = 10.0.40219.1
Project("{FAE04EC0-301F-11D3-BF4B-00C04F79EFBC}") = "Splashscreen", "Splashscreen\Splashscreen.csproj", "{8B3410A2-1E18-491C-A372-8CA141884275}"
EndProject
Global
	GlobalSection(SolutionConfigurationPlatforms) = preSolution
		Debug|Any CPU = Debug|Any CPU
		Release|Any CPU = Release|Any CPU
	EndGlobalSection
	GlobalSection(ProjectConfigurationPlatforms) = postSolution
		{8B3410A2-1E18-491C-A372-8CA141884275}.Debug|Any CPU.ActiveCfg = Debug|Any CPU
		{8B3410A2-1E18-491C-A372-8CA141884275}.Debug|Any CPU.Build.0 = Debug|Any CPU
		{8B3410A2-1E18-491C-A372-8CA141884275}.Release|Any CPU.ActiveCfg = Release|Any CPU
		{8B3410A2-1E18-491C-A372-8CA141884275}.Release|Any CPU.Build.0 = Release|Any CPU
	EndGlobalSection
	GlobalSection(SolutionProperties) = preSolution
		HideSolutionNode = FALSE
	EndGlobalSection
	GlobalSection(ExtensibilityGlobals) = postSolution
		SolutionGuid = {224A61E5-0FFD-4E1F-AB08-98E0C570EAD7}
	EndGlobalSection
EndGlobal
