
Microsoft Visual Studio Solution File, Format Version 12.00
# Visual Studio Version 16
VisualStudioVersion = 16.0.32413.511
MinimumVisualStudioVersion = 10.0.40219.1
Project("{FAE04EC0-301F-11D3-BF4B-00C04F79EFBC}") = "Project4", "Project4\Project4.csproj", "{905085C8-64A5-4F1B-966F-9F8A76698012}"
EndProject
Global
	GlobalSection(SolutionConfigurationPlatforms) = preSolution
		Debug|Any CPU = Debug|Any CPU
		Release|Any CPU = Release|Any CPU
	EndGlobalSection
	GlobalSection(ProjectConfigurationPlatforms) = postSolution
		{905085C8-64A5-4F1B-966F-9F8A76698012}.Debug|Any CPU.ActiveCfg = Debug|Any CPU
		{905085C8-64A5-4F1B-966F-9F8A76698012}.Debug|Any CPU.Build.0 = Debug|Any CPU
		{905085C8-64A5-4F1B-966F-9F8A76698012}.Release|Any CPU.ActiveCfg = Release|Any CPU
		{905085C8-64A5-4F1B-966F-9F8A76698012}.Release|Any CPU.Build.0 = Release|Any CPU
	EndGlobalSection
	GlobalSection(SolutionProperties) = preSolution
		HideSolutionNode = FALSE
	EndGlobalSection
	GlobalSection(ExtensibilityGlobals) = postSolution
		SolutionGuid = {13483FD5-A952-457B-9B7B-EBA052F7CC1A}
	EndGlobalSection
EndGlobal
